
Microsoft Visual Studio Solution File, Format Version 12.00
# Visual Studio Version 17
VisualStudioVersion = 17.6.33815.320
MinimumVisualStudioVersion = 10.0.40219.1
Project("{FAE04EC0-301F-11D3-BF4B-00C04F79EFBC}") = "MembresiaPro", "MembresiaPro.csproj", "{D5759C67-EF83-4DDC-8167-D11EFAD00D39}"
EndProject
Global
	GlobalSection(SolutionConfigurationPlatforms) = preSolution
		Debug|Any CPU = Debug|Any CPU
		Release|Any CPU = Release|Any CPU
	EndGlobalSection
	GlobalSection(ProjectConfigurationPlatforms) = postSolution
		{D5759C67-EF83-4DDC-8167-D11EFAD00D39}.Debug|Any CPU.ActiveCfg = Debug|Any CPU
		{D5759C67-EF83-4DDC-8167-D11EFAD00D39}.Debug|Any CPU.Build.0 = Debug|Any CPU
		{D5759C67-EF83-4DDC-8167-D11EFAD00D39}.Release|Any CPU.ActiveCfg = Release|Any CPU
		{D5759C67-EF83-4DDC-8167-D11EFAD00D39}.Release|Any CPU.Build.0 = Release|Any CPU
	EndGlobalSection
	GlobalSection(SolutionProperties) = preSolution
		HideSolutionNode = FALSE
	EndGlobalSection
	GlobalSection(ExtensibilityGlobals) = postSolution
		SolutionGuid = {65E7B5A6-EBEC-47B0-88DF-60B6D649A814}
	EndGlobalSection
EndGlobal
